
Microsoft Visual Studio Solution File, Format Version 12.00
# Visual Studio Version 16
VisualStudioVersion = 16.0.31613.86
MinimumVisualStudioVersion = 10.0.40219.1
Project("{8BC9CEB8-8B4A-11D0-8D11-00A0C91BC942}") = "test", "test\test.vcxproj", "{0DAF0B42-F1CF-41A3-BFFB-E908699474DA}"
EndProject
Global
	GlobalSection(SolutionConfigurationPlatforms) = preSolution
		Debug|x64 = Debug|x64
		Debug|x86 = Debug|x86
		Release|x64 = Release|x64
		Release|x86 = Release|x86
	EndGlobalSection
	GlobalSection(ProjectConfigurationPlatforms) = postSolution
		{0DAF0B42-F1CF-41A3-BFFB-E908699474DA}.Debug|x64.ActiveCfg = Debug|x64
		{0DAF0B42-F1CF-41A3-BFFB-E908699474DA}.Debug|x64.Build.0 = Debug|x64
		{0DAF0B42-F1CF-41A3-BFFB-E908699474DA}.Debug|x86.ActiveCfg = Debug|Win32
		{0DAF0B42-F1CF-41A3-BFFB-E908699474DA}.Debug|x86.Build.0 = Debug|Win32
		{0DAF0B42-F1CF-41A3-BFFB-E908699474DA}.Release|x64.ActiveCfg = Release|x64
		{0DAF0B42-F1CF-41A3-BFFB-E908699474DA}.Release|x64.Build.0 = Release|x64
		{0DAF0B42-F1CF-41A3-BFFB-E908699474DA}.Release|x86.ActiveCfg = Release|Win32
		{0DAF0B42-F1CF-41A3-BFFB-E908699474DA}.Release|x86.Build.0 = Release|Win32
	EndGlobalSection
	GlobalSection(SolutionProperties) = preSolution
		HideSolutionNode = FALSE
	EndGlobalSection
	GlobalSection(ExtensibilityGlobals) = postSolution
		SolutionGuid = {0DCCF231-76BE-4A9D-B02B-29C74AE361CD}
	EndGlobalSection
EndGlobal
